
Microsoft Visual Studio Solution File, Format Version 12.00
# Visual Studio Version 17
VisualStudioVersion = 17.4.33122.133
MinimumVisualStudioVersion = 10.0.40219.1
Project("{FAE04EC0-301F-11D3-BF4B-00C04F79EFBC}") = "TankBattle", "TankBattle\TankBattle.csproj", "{B233AD81-1300-4696-BA81-9D65D2347D1E}"
EndProject
Project("{FAE04EC0-301F-11D3-BF4B-00C04F79EFBC}") = "TankBattleTest", "TankBattleTest\TankBattleTest.csproj", "{998F58B6-4449-499E-BA75-3F77C252523D}"
EndProject
Global
	GlobalSection(SolutionConfigurationPlatforms) = preSolution
		Debug|Any CPU = Debug|Any CPU
		Release|Any CPU = Release|Any CPU
	EndGlobalSection
	GlobalSection(ProjectConfigurationPlatforms) = postSolution
		{B233AD81-1300-4696-BA81-9D65D2347D1E}.Debug|Any CPU.ActiveCfg = Debug|Any CPU
		{B233AD81-1300-4696-BA81-9D65D2347D1E}.Debug|Any CPU.Build.0 = Debug|Any CPU
		{B233AD81-1300-4696-BA81-9D65D2347D1E}.Release|Any CPU.ActiveCfg = Release|Any CPU
		{B233AD81-1300-4696-BA81-9D65D2347D1E}.Release|Any CPU.Build.0 = Release|Any CPU
		{998F58B6-4449-499E-BA75-3F77C252523D}.Debug|Any CPU.ActiveCfg = Debug|Any CPU
		{998F58B6-4449-499E-BA75-3F77C252523D}.Debug|Any CPU.Build.0 = Debug|Any CPU
		{998F58B6-4449-499E-BA75-3F77C252523D}.Release|Any CPU.ActiveCfg = Release|Any CPU
		{998F58B6-4449-499E-BA75-3F77C252523D}.Release|Any CPU.Build.0 = Release|Any CPU
	EndGlobalSection
	GlobalSection(SolutionProperties) = preSolution
		HideSolutionNode = FALSE
	EndGlobalSection
	GlobalSection(ExtensibilityGlobals) = postSolution
		SolutionGuid = {9BAA5579-33FD-44E5-9111-8DBD9439E1B6}
	EndGlobalSection
EndGlobal
